// !$*UTF8*$!
{
	archiveVersion = 1;
	classes = {
	};
	objectVersion = 50;
	objects = {

/* Begin PBXBuildFile section */
		3143015321781EC400765693 /* StartViewController.swift in Sources */ = {isa = PBXBuildFile; fileRef = 3143015221781EC400765693 /* StartViewController.swift */; };
		3144E55121764BAF006E4E27 /* AppDelegate.swift in Sources */ = {isa = PBXBuildFile; fileRef = 3144E55021764BAF006E4E27 /* AppDelegate.swift */; };
		3144E55621764BAF006E4E27 /* Main.storyboard in Resources */ = {isa = PBXBuildFile; fileRef = 3144E55421764BAF006E4E27 /* Main.storyboard */; };
		3144E55B21764BB0006E4E27 /* LaunchScreen.storyboard in Resources */ = {isa = PBXBuildFile; fileRef = 3144E55921764BB0006E4E27 /* LaunchScreen.storyboard */; };
		315700CF21840DB10004A5E0 /* genstrings.swift in Sources */ = {isa = PBXBuildFile; fileRef = 315700CE21840DB10004A5E0 /* genstrings.swift */; };
		315700D221840EF20004A5E0 /* Localizable.strings in Resources */ = {isa = PBXBuildFile; fileRef = 315700D421840EF20004A5E0 /* Localizable.strings */; };
		3157BFD12187E11E00930FC8 /* ViewControllerAR.swift in Sources */ = {isa = PBXBuildFile; fileRef = 3157BFD02187E11E00930FC8 /* ViewControllerAR.swift */; };
		3157BFD32187E14E00930FC8 /* art.scnassets in Resources */ = {isa = PBXBuildFile; fileRef = 3157BFD22187E14E00930FC8 /* art.scnassets */; };
		3157BFD52187E33700930FC8 /* Assets.xcassets in Resources */ = {isa = PBXBuildFile; fileRef = 3157BFD42187E33700930FC8 /* Assets.xcassets */; };
		3173AC6C218A98F90093F2C4 /* Baloo-Regular.ttf in Resources */ = {isa = PBXBuildFile; fileRef = 3173AC6B218A98F90093F2C4 /* Baloo-Regular.ttf */; };
		3173AC6E218AA4480093F2C4 /* CustomView.swift in Sources */ = {isa = PBXBuildFile; fileRef = 3173AC6D218AA4480093F2C4 /* CustomView.swift */; };
		31E418AA21778793003134A8 /* CollectionViewController.swift in Sources */ = {isa = PBXBuildFile; fileRef = 31E418A921778793003134A8 /* CollectionViewController.swift */; };
		31E418AC21778966003134A8 /* Technology.swift in Sources */ = {isa = PBXBuildFile; fileRef = 31E418AB21778966003134A8 /* Technology.swift */; };
		31E418AE217790DC003134A8 /* CollectionViewCell.swift in Sources */ = {isa = PBXBuildFile; fileRef = 31E418AD217790DC003134A8 /* CollectionViewCell.swift */; };
		EFE3B61818F5FDC5BF9D68AF /* Pods_Mostla.framework in Frameworks */ = {isa = PBXBuildFile; fileRef = B9FA46FA6187CDA49F1755AF /* Pods_Mostla.framework */; };
		FB3D945C2177A25B003A4290 /* ViewControllerTecnologias.swift in Sources */ = {isa = PBXBuildFile; fileRef = FB3D945B2177A25B003A4290 /* ViewControllerTecnologias.swift */; };
/* End PBXBuildFile section */

/* Begin PBXFileReference section */
		3143015221781EC400765693 /* StartViewController.swift */ = {isa = PBXFileReference; lastKnownFileType = sourcecode.swift; path = StartViewController.swift; sourceTree = "<group>"; };
		3144E54D21764BAF006E4E27 /* Mostla.app */ = {isa = PBXFileReference; explicitFileType = wrapper.application; includeInIndex = 0; path = Mostla.app; sourceTree = BUILT_PRODUCTS_DIR; };
		3144E55021764BAF006E4E27 /* AppDelegate.swift */ = {isa = PBXFileReference; lastKnownFileType = sourcecode.swift; path = AppDelegate.swift; sourceTree = "<group>"; };
		3144E55521764BAF006E4E27 /* Base */ = {isa = PBXFileReference; lastKnownFileType = file.storyboard; name = Base; path = Base.lproj/Main.storyboard; sourceTree = "<group>"; };
		3144E55A21764BB0006E4E27 /* Base */ = {isa = PBXFileReference; lastKnownFileType = file.storyboard; name = Base; path = Base.lproj/LaunchScreen.storyboard; sourceTree = "<group>"; };
		3144E55C21764BB0006E4E27 /* Info.plist */ = {isa = PBXFileReference; lastKnownFileType = text.plist.xml; path = Info.plist; sourceTree = "<group>"; };
		315700CE21840DB10004A5E0 /* genstrings.swift */ = {isa = PBXFileReference; lastKnownFileType = sourcecode.swift; path = genstrings.swift; sourceTree = "<group>"; };
		315700D321840EF20004A5E0 /* en */ = {isa = PBXFileReference; lastKnownFileType = text.plist.strings; name = en; path = en.lproj/Localizable.strings; sourceTree = "<group>"; };
		3157BFD02187E11E00930FC8 /* ViewControllerAR.swift */ = {isa = PBXFileReference; fileEncoding = 4; lastKnownFileType = sourcecode.swift; path = ViewControllerAR.swift; sourceTree = "<group>"; };
		3157BFD22187E14E00930FC8 /* art.scnassets */ = {isa = PBXFileReference; lastKnownFileType = wrapper.scnassets; path = art.scnassets; sourceTree = "<group>"; };
		3157BFD42187E33700930FC8 /* Assets.xcassets */ = {isa = PBXFileReference; lastKnownFileType = folder.assetcatalog; path = Assets.xcassets; sourceTree = "<group>"; };
		3173AC6B218A98F90093F2C4 /* Baloo-Regular.ttf */ = {isa = PBXFileReference; lastKnownFileType = file; path = "Baloo-Regular.ttf"; sourceTree = "<group>"; };
		3173AC6D218AA4480093F2C4 /* CustomView.swift */ = {isa = PBXFileReference; lastKnownFileType = sourcecode.swift; path = CustomView.swift; sourceTree = "<group>"; };
		31E418A921778793003134A8 /* CollectionViewController.swift */ = {isa = PBXFileReference; lastKnownFileType = sourcecode.swift; path = CollectionViewController.swift; sourceTree = "<group>"; };
		31E418AB21778966003134A8 /* Technology.swift */ = {isa = PBXFileReference; lastKnownFileType = sourcecode.swift; path = Technology.swift; sourceTree = "<group>"; };
		31E418AD217790DC003134A8 /* CollectionViewCell.swift */ = {isa = PBXFileReference; lastKnownFileType = sourcecode.swift; path = CollectionViewCell.swift; sourceTree = "<group>"; };
		31E8CD97218416B200E13CEE /* en */ = {isa = PBXFileReference; lastKnownFileType = text.plist.strings; name = en; path = en.lproj/Main.strings; sourceTree = "<group>"; };
		31E8CD98218417CD00E13CEE /* es-419 */ = {isa = PBXFileReference; lastKnownFileType = text.plist.strings; name = "es-419"; path = "es-419.lproj/Main.strings"; sourceTree = "<group>"; };
		31E8CD99218417CD00E13CEE /* es-419 */ = {isa = PBXFileReference; lastKnownFileType = text.plist.strings; name = "es-419"; path = "es-419.lproj/LaunchScreen.strings"; sourceTree = "<group>"; };
		31E8CD9A218417CD00E13CEE /* es-419 */ = {isa = PBXFileReference; lastKnownFileType = text.plist.strings; name = "es-419"; path = "es-419.lproj/Localizable.strings"; sourceTree = "<group>"; };
		AA1C68E134A6BE3FD4B46319 /* Pods-Mostla.release.xcconfig */ = {isa = PBXFileReference; includeInIndex = 1; lastKnownFileType = text.xcconfig; name = "Pods-Mostla.release.xcconfig"; path = "Pods/Target Support Files/Pods-Mostla/Pods-Mostla.release.xcconfig"; sourceTree = "<group>"; };
		B55AC36F0CBBAF631013E44B /* Pods-Mostla.debug.xcconfig */ = {isa = PBXFileReference; includeInIndex = 1; lastKnownFileType = text.xcconfig; name = "Pods-Mostla.debug.xcconfig"; path = "Pods/Target Support Files/Pods-Mostla/Pods-Mostla.debug.xcconfig"; sourceTree = "<group>"; };
		B9FA46FA6187CDA49F1755AF /* Pods_Mostla.framework */ = {isa = PBXFileReference; explicitFileType = wrapper.framework; includeInIndex = 0; path = Pods_Mostla.framework; sourceTree = BUILT_PRODUCTS_DIR; };
		FB3D945B2177A25B003A4290 /* ViewControllerTecnologias.swift */ = {isa = PBXFileReference; lastKnownFileType = sourcecode.swift; path = ViewControllerTecnologias.swift; sourceTree = "<group>"; };
/* End PBXFileReference section */

/* Begin PBXFrameworksBuildPhase section */
		3144E54A21764BAF006E4E27 /* Frameworks */ = {
			isa = PBXFrameworksBuildPhase;
			buildActionMask = 2147483647;
			files = (
				EFE3B61818F5FDC5BF9D68AF /* Pods_Mostla.framework in Frameworks */,
			);
			runOnlyForDeploymentPostprocessing = 0;
		};
/* End PBXFrameworksBuildPhase section */

/* Begin PBXGroup section */
		3144E54421764BAF006E4E27 = {
			isa = PBXGroup;
			children = (
				3144E54F21764BAF006E4E27 /* Mostla */,
				3144E54E21764BAF006E4E27 /* Products */,
				44891EFAEAF4483B7D943DA9 /* Pods */,
				B38285ABFCB312252AEE1AE6 /* Frameworks */,
			);
			sourceTree = "<group>";
		};
		3144E54E21764BAF006E4E27 /* Products */ = {
			isa = PBXGroup;
			children = (
				3144E54D21764BAF006E4E27 /* Mostla.app */,
			);
			name = Products;
			sourceTree = "<group>";
		};
		3144E54F21764BAF006E4E27 /* Mostla */ = {
			isa = PBXGroup;
			children = (
				3173AC6B218A98F90093F2C4 /* Baloo-Regular.ttf */,
				3157BFD42187E33700930FC8 /* Assets.xcassets */,
				3157BFD22187E14E00930FC8 /* art.scnassets */,
				3157BFD02187E11E00930FC8 /* ViewControllerAR.swift */,
				3144E55021764BAF006E4E27 /* AppDelegate.swift */,
				3144E55421764BAF006E4E27 /* Main.storyboard */,
				3143015221781EC400765693 /* StartViewController.swift */,
				FB3D945B2177A25B003A4290 /* ViewControllerTecnologias.swift */,
				3173AC6D218AA4480093F2C4 /* CustomView.swift */,
				31E418AD217790DC003134A8 /* CollectionViewCell.swift */,
				31E418A921778793003134A8 /* CollectionViewController.swift */,
				315700CE21840DB10004A5E0 /* genstrings.swift */,
				315700D421840EF20004A5E0 /* Localizable.strings */,
				31E418AB21778966003134A8 /* Technology.swift */,
				3144E55921764BB0006E4E27 /* LaunchScreen.storyboard */,
				3144E55C21764BB0006E4E27 /* Info.plist */,
			);
			path = Mostla;
			sourceTree = "<group>";
		};
		44891EFAEAF4483B7D943DA9 /* Pods */ = {
			isa = PBXGroup;
			children = (
				B55AC36F0CBBAF631013E44B /* Pods-Mostla.debug.xcconfig */,
				AA1C68E134A6BE3FD4B46319 /* Pods-Mostla.release.xcconfig */,
			);
			name = Pods;
			sourceTree = "<group>";
		};
		B38285ABFCB312252AEE1AE6 /* Frameworks */ = {
			isa = PBXGroup;
			children = (
				B9FA46FA6187CDA49F1755AF /* Pods_Mostla.framework */,
			);
			name = Frameworks;
			sourceTree = "<group>";
		};
/* End PBXGroup section */

/* Begin PBXNativeTarget section */
		3144E54C21764BAF006E4E27 /* Mostla */ = {
			isa = PBXNativeTarget;
			buildConfigurationList = 3144E55F21764BB0006E4E27 /* Build configuration list for PBXNativeTarget "Mostla" */;
			buildPhases = (
				A4BE3DDE9664E6FD3D3918AB /* [CP] Check Pods Manifest.lock */,
				3144E54921764BAF006E4E27 /* Sources */,
				3144E54A21764BAF006E4E27 /* Frameworks */,
				3144E54B21764BAF006E4E27 /* Resources */,
				66857849DF0BFEAB68814BED /* [CP] Embed Pods Frameworks */,
			);
			buildRules = (
			);
			dependencies = (
			);
			name = Mostla;
			productName = Mostla;
			productReference = 3144E54D21764BAF006E4E27 /* Mostla.app */;
			productType = "com.apple.product-type.application";
		};
/* End PBXNativeTarget section */

/* Begin PBXProject section */
		3144E54521764BAF006E4E27 /* Project object */ = {
			isa = PBXProject;
			attributes = {
				LastSwiftUpdateCheck = 1000;
				LastUpgradeCheck = 1000;
				ORGANIZATIONNAME = "Enrique Barragán";
				TargetAttributes = {
					3144E54C21764BAF006E4E27 = {
						CreatedOnToolsVersion = 10.0;
					};
				};
			};
			buildConfigurationList = 3144E54821764BAF006E4E27 /* Build configuration list for PBXProject "Mostla" */;
			compatibilityVersion = "Xcode 9.3";
			developmentRegion = en;
			hasScannedForEncodings = 0;
			knownRegions = (
				en,
				Base,
				"es-419",
			);
			mainGroup = 3144E54421764BAF006E4E27;
			productRefGroup = 3144E54E21764BAF006E4E27 /* Products */;
			projectDirPath = "";
			projectRoot = "";
			targets = (
				3144E54C21764BAF006E4E27 /* Mostla */,
			);
		};
/* End PBXProject section */

/* Begin PBXResourcesBuildPhase section */
		3144E54B21764BAF006E4E27 /* Resources */ = {
			isa = PBXResourcesBuildPhase;
			buildActionMask = 2147483647;
			files = (
				315700D221840EF20004A5E0 /* Localizable.strings in Resources */,
				3144E55B21764BB0006E4E27 /* LaunchScreen.storyboard in Resources */,
				3157BFD32187E14E00930FC8 /* art.scnassets in Resources */,
				3144E55621764BAF006E4E27 /* Main.storyboard in Resources */,
				3157BFD52187E33700930FC8 /* Assets.xcassets in Resources */,
				3173AC6C218A98F90093F2C4 /* Baloo-Regular.ttf in Resources */,
			);
			runOnlyForDeploymentPostprocessing = 0;
		};
/* End PBXResourcesBuildPhase section */

/* Begin PBXShellScriptBuildPhase section */
		66857849DF0BFEAB68814BED /* [CP] Embed Pods Frameworks */ = {
			isa = PBXShellScriptBuildPhase;
			buildActionMask = 2147483647;
			files = (
			);
			inputFileListPaths = (
			);
			inputPaths = (
				"${SRCROOT}/Pods/Target Support Files/Pods-Mostla/Pods-Mostla-frameworks.sh",
				"${BUILT_PRODUCTS_DIR}/Localize-Swift/Localize_Swift.framework",
				"${BUILT_PRODUCTS_DIR}/SideMenu/SideMenu.framework",
			);
			name = "[CP] Embed Pods Frameworks";
			outputFileListPaths = (
			);
			outputPaths = (
				"${TARGET_BUILD_DIR}/${FRAMEWORKS_FOLDER_PATH}/Localize_Swift.framework",
				"${TARGET_BUILD_DIR}/${FRAMEWORKS_FOLDER_PATH}/SideMenu.framework",
			);
			runOnlyForDeploymentPostprocessing = 0;
			shellPath = /bin/sh;
			shellScript = "\"${SRCROOT}/Pods/Target Support Files/Pods-Mostla/Pods-Mostla-frameworks.sh\"\n";
			showEnvVarsInLog = 0;
		};
		A4BE3DDE9664E6FD3D3918AB /* [CP] Check Pods Manifest.lock */ = {
			isa = PBXShellScriptBuildPhase;
			buildActionMask = 2147483647;
			files = (
			);
			inputFileListPaths = (
			);
			inputPaths = (
				"${PODS_PODFILE_DIR_PATH}/Podfile.lock",
				"${PODS_ROOT}/Manifest.lock",
			);
			name = "[CP] Check Pods Manifest.lock";
			outputFileListPaths = (
			);
			outputPaths = (
				"$(DERIVED_FILE_DIR)/Pods-Mostla-checkManifestLockResult.txt",
			);
			runOnlyForDeploymentPostprocessing = 0;
			shellPath = /bin/sh;
			shellScript = "diff \"${PODS_PODFILE_DIR_PATH}/Podfile.lock\" \"${PODS_ROOT}/Manifest.lock\" > /dev/null\nif [ $? != 0 ] ; then\n    # print error to STDERR\n    echo \"error: The sandbox is not in sync with the Podfile.lock. Run 'pod install' or update your CocoaPods installation.\" >&2\n    exit 1\nfi\n# This output is used by Xcode 'outputs' to avoid re-running this script phase.\necho \"SUCCESS\" > \"${SCRIPT_OUTPUT_FILE_0}\"\n";
			showEnvVarsInLog = 0;
		};
/* End PBXShellScriptBuildPhase section */

/* Begin PBXSourcesBuildPhase section */
		3144E54921764BAF006E4E27 /* Sources */ = {
			isa = PBXSourcesBuildPhase;
			buildActionMask = 2147483647;
			files = (
				31E418AA21778793003134A8 /* CollectionViewController.swift in Sources */,
				FB3D945C2177A25B003A4290 /* ViewControllerTecnologias.swift in Sources */,
				31E418AC21778966003134A8 /* Technology.swift in Sources */,
				3173AC6E218AA4480093F2C4 /* CustomView.swift in Sources */,
				3157BFD12187E11E00930FC8 /* ViewControllerAR.swift in Sources */,
				31E418AE217790DC003134A8 /* CollectionViewCell.swift in Sources */,
				3144E55121764BAF006E4E27 /* AppDelegate.swift in Sources */,
				3143015321781EC400765693 /* StartViewController.swift in Sources */,
				315700CF21840DB10004A5E0 /* genstrings.swift in Sources */,
			);
			runOnlyForDeploymentPostprocessing = 0;
		};
/* End PBXSourcesBuildPhase section */

/* Begin PBXVariantGroup section */
		3144E55421764BAF006E4E27 /* Main.storyboard */ = {
			isa = PBXVariantGroup;
			children = (
				3144E55521764BAF006E4E27 /* Base */,
				31E8CD97218416B200E13CEE /* en */,
				31E8CD98218417CD00E13CEE /* es-419 */,
			);
			name = Main.storyboard;
			sourceTree = "<group>";
		};
		3144E55921764BB0006E4E27 /* LaunchScreen.storyboard */ = {
			isa = PBXVariantGroup;
			children = (
				3144E55A21764BB0006E4E27 /* Base */,
				31E8CD99218417CD00E13CEE /* es-419 */,
			);
			name = LaunchScreen.storyboard;
			sourceTree = "<group>";
		};
		315700D421840EF20004A5E0 /* Localizable.strings */ = {
			isa = PBXVariantGroup;
			children = (
				315700D321840EF20004A5E0 /* en */,
				31E8CD9A218417CD00E13CEE /* es-419 */,
			);
			name = Localizable.strings;
			sourceTree = "<group>";
		};
/* End PBXVariantGroup section */

/* Begin XCBuildConfiguration section */
		3144E55D21764BB0006E4E27 /* Debug */ = {
			isa = XCBuildConfiguration;
			buildSettings = {
				ALWAYS_SEARCH_USER_PATHS = NO;
				CLANG_ANALYZER_LOCALIZABILITY_NONLOCALIZED = YES;
				CLANG_ANALYZER_NONNULL = YES;
				CLANG_ANALYZER_NUMBER_OBJECT_CONVERSION = YES_AGGRESSIVE;
				CLANG_CXX_LANGUAGE_STANDARD = "gnu++14";
				CLANG_CXX_LIBRARY = "libc++";
				CLANG_ENABLE_MODULES = YES;
				CLANG_ENABLE_OBJC_ARC = YES;
				CLANG_ENABLE_OBJC_WEAK = YES;
				CLANG_WARN_BLOCK_CAPTURE_AUTORELEASING = YES;
				CLANG_WARN_BOOL_CONVERSION = YES;
				CLANG_WARN_COMMA = YES;
				CLANG_WARN_CONSTANT_CONVERSION = YES;
				CLANG_WARN_DEPRECATED_OBJC_IMPLEMENTATIONS = YES;
				CLANG_WARN_DIRECT_OBJC_ISA_USAGE = YES_ERROR;
				CLANG_WARN_DOCUMENTATION_COMMENTS = YES;
				CLANG_WARN_EMPTY_BODY = YES;
				CLANG_WARN_ENUM_CONVERSION = YES;
				CLANG_WARN_INFINITE_RECURSION = YES;
				CLANG_WARN_INT_CONVERSION = YES;
				CLANG_WARN_NON_LITERAL_NULL_CONVERSION = YES;
				CLANG_WARN_OBJC_IMPLICIT_RETAIN_SELF = YES;
				CLANG_WARN_OBJC_LITERAL_CONVERSION = YES;
				CLANG_WARN_OBJC_ROOT_CLASS = YES_ERROR;
				CLANG_WARN_RANGE_LOOP_ANALYSIS = YES;
				CLANG_WARN_STRICT_PROTOTYPES = YES;
				CLANG_WARN_SUSPICIOUS_MOVE = YES;
				CLANG_WARN_UNGUARDED_AVAILABILITY = YES_AGGRESSIVE;
				CLANG_WARN_UNREACHABLE_CODE = YES;
				CLANG_WARN__DUPLICATE_METHOD_MATCH = YES;
				CODE_SIGN_IDENTITY = "iPhone Developer";
				COPY_PHASE_STRIP = NO;
				DEBUG_INFORMATION_FORMAT = dwarf;
				ENABLE_STRICT_OBJC_MSGSEND = YES;
				ENABLE_TESTABILITY = YES;
				GCC_C_LANGUAGE_STANDARD = gnu11;
				GCC_DYNAMIC_NO_PIC = NO;
				GCC_NO_COMMON_BLOCKS = YES;
				GCC_OPTIMIZATION_LEVEL = 0;
				GCC_PREPROCESSOR_DEFINITIONS = (
					"DEBUG=1",
					"$(inherited)",
				);
				GCC_WARN_64_TO_32_BIT_CONVERSION = YES;
				GCC_WARN_ABOUT_RETURN_TYPE = YES_ERROR;
				GCC_WARN_UNDECLARED_SELECTOR = YES;
				GCC_WARN_UNINITIALIZED_AUTOS = YES_AGGRESSIVE;
				GCC_WARN_UNUSED_FUNCTION = YES;
				GCC_WARN_UNUSED_VARIABLE = YES;
				IPHONEOS_DEPLOYMENT_TARGET = 12.0;
				MTL_ENABLE_DEBUG_INFO = INCLUDE_SOURCE;
				MTL_FAST_MATH = YES;
				ONLY_ACTIVE_ARCH = YES;
				SDKROOT = iphoneos;
				SWIFT_ACTIVE_COMPILATION_CONDITIONS = DEBUG;
				SWIFT_OPTIMIZATION_LEVEL = "-Onone";
			};
			name = Debug;
		};
		3144E55E21764BB0006E4E27 /* Release */ = {
			isa = XCBuildConfiguration;
			buildSettings = {
				ALWAYS_SEARCH_USER_PATHS = NO;
				CLANG_ANALYZER_LOCALIZABILITY_NONLOCALIZED = YES;
				CLANG_ANALYZER_NONNULL = YES;
				CLANG_ANALYZER_NUMBER_OBJECT_CONVERSION = YES_AGGRESSIVE;
				CLANG_CXX_LANGUAGE_STANDARD = "gnu++14";
				CLANG_CXX_LIBRARY = "libc++";
				CLANG_ENABLE_MODULES = YES;
				CLANG_ENABLE_OBJC_ARC = YES;
				CLANG_ENABLE_OBJC_WEAK = YES;
				CLANG_WARN_BLOCK_CAPTURE_AUTORELEASING = YES;
				CLANG_WARN_BOOL_CONVERSION = YES;
				CLANG_WARN_COMMA = YES;
				CLANG_WARN_CONSTANT_CONVERSION = YES;
				CLANG_WARN_DEPRECATED_OBJC_IMPLEMENTATIONS = YES;
				CLANG_WARN_DIRECT_OBJC_ISA_USAGE = YES_ERROR;
				CLANG_WARN_DOCUMENTATION_COMMENTS = YES;
				CLANG_WARN_EMPTY_BODY = YES;
				CLANG_WARN_ENUM_CONVERSION = YES;
				CLANG_WARN_INFINITE_RECURSION = YES;
				CLANG_WARN_INT_CONVERSION = YES;
				CLANG_WARN_NON_LITERAL_NULL_CONVERSION = YES;
				CLANG_WARN_OBJC_IMPLICIT_RETAIN_SELF = YES;
				CLANG_WARN_OBJC_LITERAL_CONVERSION = YES;
				CLANG_WARN_OBJC_ROOT_CLASS = YES_ERROR;
				CLANG_WARN_RANGE_LOOP_ANALYSIS = YES;
				CLANG_WARN_STRICT_PROTOTYPES = YES;
				CLANG_WARN_SUSPICIOUS_MOVE = YES;
				CLANG_WARN_UNGUARDED_AVAILABILITY = YES_AGGRESSIVE;
				CLANG_WARN_UNREACHABLE_CODE = YES;
				CLANG_WARN__DUPLICATE_METHOD_MATCH = YES;
				CODE_SIGN_IDENTITY = "iPhone Developer";
				COPY_PHASE_STRIP = NO;
				DEBUG_INFORMATION_FORMAT = "dwarf-with-dsym";
				ENABLE_NS_ASSERTIONS = NO;
				ENABLE_STRICT_OBJC_MSGSEND = YES;
				GCC_C_LANGUAGE_STANDARD = gnu11;
				GCC_NO_COMMON_BLOCKS = YES;
				GCC_WARN_64_TO_32_BIT_CONVERSION = YES;
				GCC_WARN_ABOUT_RETURN_TYPE = YES_ERROR;
				GCC_WARN_UNDECLARED_SELECTOR = YES;
				GCC_WARN_UNINITIALIZED_AUTOS = YES_AGGRESSIVE;
				GCC_WARN_UNUSED_FUNCTION = YES;
				GCC_WARN_UNUSED_VARIABLE = YES;
				IPHONEOS_DEPLOYMENT_TARGET = 12.0;
				MTL_ENABLE_DEBUG_INFO = NO;
				MTL_FAST_MATH = YES;
				SDKROOT = iphoneos;
				SWIFT_COMPILATION_MODE = wholemodule;
				SWIFT_OPTIMIZATION_LEVEL = "-O";
				VALIDATE_PRODUCT = YES;
			};
			name = Release;
		};
		3144E56021764BB0006E4E27 /* Debug */ = {
			isa = XCBuildConfiguration;
			baseConfigurationReference = B55AC36F0CBBAF631013E44B /* Pods-Mostla.debug.xcconfig */;
			buildSettings = {
				ASSETCATALOG_COMPILER_APPICON_NAME = AppIcon;
				CODE_SIGN_STYLE = Automatic;
				DEVELOPMENT_TEAM = B93Q7YMCMK;
				INFOPLIST_FILE = Mostla/Info.plist;
				IPHONEOS_DEPLOYMENT_TARGET = 11.3;
				LD_RUNPATH_SEARCH_PATHS = (
					"$(inherited)",
					"@executable_path/Frameworks",
				);
				PRODUCT_BUNDLE_IDENTIFIER = edu.itesmalumnos.Mostla;
				PRODUCT_NAME = "$(TARGET_NAME)";
				SWIFT_VERSION = 4.2;
				TARGETED_DEVICE_FAMILY = "1,2";
			};
			name = Debug;
		};
		3144E56121764BB0006E4E27 /* Release */ = {
			isa = XCBuildConfiguration;
			baseConfigurationReference = AA1C68E134A6BE3FD4B46319 /* Pods-Mostla.release.xcconfig */;
			buildSettings = {
				ASSETCATALOG_COMPILER_APPICON_NAME = AppIcon;
				CODE_SIGN_STYLE = Automatic;
				DEVELOPMENT_TEAM = B93Q7YMCMK;
				INFOPLIST_FILE = Mostla/Info.plist;
				IPHONEOS_DEPLOYMENT_TARGET = 11.3;
				LD_RUNPATH_SEARCH_PATHS = (
					"$(inherited)",
					"@executable_path/Frameworks",
				);
				PRODUCT_BUNDLE_IDENTIFIER = edu.itesmalumnos.Mostla;
				PRODUCT_NAME = "$(TARGET_NAME)";
				SWIFT_VERSION = 4.2;
				TARGETED_DEVICE_FAMILY = "1,2";
			};
			name = Release;
		};
/* End XCBuildConfiguration section */

/* Begin XCConfigurationList section */
		3144E54821764BAF006E4E27 /* Build configuration list for PBXProject "Mostla" */ = {
			isa = XCConfigurationList;
			buildConfigurations = (
				3144E55D21764BB0006E4E27 /* Debug */,
				3144E55E21764BB0006E4E27 /* Release */,
			);
			defaultConfigurationIsVisible = 0;
			defaultConfigurationName = Release;
		};
		3144E55F21764BB0006E4E27 /* Build configuration list for PBXNativeTarget "Mostla" */ = {
			isa = XCConfigurationList;
			buildConfigurations = (
				3144E56021764BB0006E4E27 /* Debug */,
				3144E56121764BB0006E4E27 /* Release */,
			);
			defaultConfigurationIsVisible = 0;
			defaultConfigurationName = Release;
		};
/* End XCConfigurationList section */
	};
	rootObject = 3144E54521764BAF006E4E27 /* Project object */;
}
